# This file is automatically @generated by Cargo.
# It is not intended for manual editing.
version = 4

[[package]]
name = "adler2"
version = "2.0.1"
source = "registry+https://github.com/rust-lang/crates.io-index"
checksum = "320119579fcad9c21884f5c4861d16174d0e06250625266f50fe6898340abefa"

[[package]]
name = "anyhow"
version = "1.0.102"
source = "registry+https://github.com/rust-lang/crates.io-index"
checksum = "7f202df86484c868dbad7eaa557ef785d5c66295e41b460ef922eca0723b842c"

[[package]]
name = "autocfg"
version = "1.5.0"
source = "registry+https://github.com/rust-lang/crates.io-index"
checksum = "c08606f8c3cbf4ce6ec8e28fb0014a2c086708fe954eaa885384a6165172e7e8"

[[package]]
name = "bumpalo"
version = "3.20.2"
source = "registry+https://github.com/rust-lang/crates.io-index"
checksum = "5d20789868f4b01b2f2caec9f5c4e0213b41e3e5702a50157d699ae31ced2fcb"

[[package]]
name = "bytecheck"
version = "0.8.2"
source = "registry+https://github.com/rust-lang/crates.io-index"
checksum = "0caa33a2c0edca0419d15ac723dff03f1956f7978329b1e3b5fdaaaed9d3ca8b"
dependencies = [
 "bytecheck_derive",
 "ptr_meta",
 "rancor",
 "simdutf8",
]

[[package]]
name = "bytecheck_derive"
version = "0.8.2"
source = "registry+https://github.com/rust-lang/crates.io-index"
checksum = "89385e82b5d1821d2219e0b095efa2cc1f246cbf99080f3be46a1a85c0d392d9"
dependencies = [
 "proc-macro2",
 "quote",
 "syn",
]

[[package]]
name = "byteorder"
version = "1.5.0"
source = "registry+https://github.com/rust-lang/crates.io-index"
checksum = "1fd0f2584146f6f2ef48085050886acf353beff7305ebd1ae69500e27c67f64b"

[[package]]
name = "bytes"
version = "1.11.1"
source = "registry+https://github.com/rust-lang/crates.io-index"
checksum = "1e748733b7cbc798e1434b6ac524f0c1ff2ab456fe201501e6497c8417a4fc33"

[[package]]
name = "cfg-if"
version = "1.0.4"
source = "registry+https://github.com/rust-lang/crates.io-index"
checksum = "9330f8b2ff13f34540b44e946ef35111825727b38d33286ef986142615121801"

[[package]]
name = "crc32fast"
version = "1.5.0"
source = "registry+https://github.com/rust-lang/crates.io-index"
checksum = "9481c1c90cbf2ac953f07c8d4a58aa3945c425b7185c9154d67a65e4230da511"
dependencies = [
 "cfg-if",
]

[[package]]
name = "csv"
version = "1.4.0"
source = "registry+https://github.com/rust-lang/crates.io-index"
checksum = "52cd9d68cf7efc6ddfaaee42e7288d3a99d613d4b50f76ce9827ae0c6e14f938"
dependencies = [
 "csv-core",
 "itoa",
 "ryu",
 "serde_core",
]

[[package]]
name = "csv-core"
version = "0.1.13"
source = "registry+https://github.com/rust-lang/crates.io-index"
checksum = "704a3c26996a80471189265814dbc2c257598b96b8a7feae2d31ace646bb9782"
dependencies = [
 "memchr",
]

[[package]]
name = "either"
version = "1.15.0"
source = "registry+https://github.com/rust-lang/crates.io-index"
checksum = "48c757948c5ede0e46177b7add2e67155f70e33c07fea8284df6576da70b3719"

[[package]]
name = "equivalent"
version = "1.0.2"
source = "registry+https://github.com/rust-lang/crates.io-index"
checksum = "877a4ace8713b0bcf2a4e7eec82529c029f1d0619886d18145fea96c3ffe5c0f"

[[package]]
name = "flate2"
version = "1.1.9"
source = "registry+https://github.com/rust-lang/crates.io-index"
checksum = "843fba2746e448b37e26a819579957415c8cef339bf08564fe8b7ddbd959573c"
dependencies = [
 "crc32fast",
 "miniz_oxide",
]

[[package]]
name = "hash32"
version = "0.3.1"
source = "registry+https://github.com/rust-lang/crates.io-index"
checksum = "47d60b12902ba28e2730cd37e95b8c9223af2808df9e902d4df49588d1470606"
dependencies = [
 "byteorder",
]

[[package]]
name = "hashbrown"
version = "0.16.1"
source = "registry+https://github.com/rust-lang/crates.io-index"
checksum = "841d1cc9bed7f9236f321df977030373f4a4163ae1a7dbfe1a51a2c1a51d9100"

[[package]]
name = "heapless"
version = "0.8.0"
source = "registry+https://github.com/rust-lang/crates.io-index"
checksum = "0bfb9eb618601c89945a70e254898da93b13be0388091d42117462b265bb3fad"
dependencies = [
 "hash32",
 "stable_deref_trait",
]

[[package]]
name = "indexmap"
version = "2.13.0"
source = "registry+https://github.com/rust-lang/crates.io-index"
checksum = "7714e70437a7dc3ac8eb7e6f8df75fd8eb422675fc7678aff7364301092b1017"
dependencies = [
 "equivalent",
 "hashbrown",
]

[[package]]
name = "itertools"
version = "0.14.0"
source = "registry+https://github.com/rust-lang/crates.io-index"
checksum = "2b192c782037fadd9cfa75548310488aabdbf3d2da73885b31bd0abd03351285"
dependencies = [
 "either",
]

[[package]]
name = "itoa"
version = "1.0.17"
source = "registry+https://github.com/rust-lang/crates.io-index"
checksum = "92ecc6618181def0457392ccd0ee51198e065e016d1d527a7ac1b6dc7c1f09d2"

[[package]]
name = "js-sys"
version = "0.3.91"
source = "registry+https://github.com/rust-lang/crates.io-index"
checksum = "b49715b7073f385ba4bc528e5747d02e66cb39c6146efb66b781f131f0fb399c"
dependencies = [
 "once_cell",
 "wasm-bindgen",
]

[[package]]
name = "libm"
version = "0.2.16"
source = "registry+https://github.com/rust-lang/crates.io-index"
checksum = "b6d2cec3eae94f9f509c767b45932f1ada8350c4bdb85af2fcab4a3c14807981"

[[package]]
name = "memchr"
version = "2.8.0"
source = "registry+https://github.com/rust-lang/crates.io-index"
checksum = "f8ca58f447f06ed17d5fc4043ce1b10dd205e060fb3ce5b979b8ed8e59ff3f79"

[[package]]
name = "miniz_oxide"
version = "0.8.9"
source = "registry+https://github.com/rust-lang/crates.io-index"
checksum = "1fa76a2c86f704bdb222d66965fb3d63269ce38518b83cb0575fca855ebb6316"
dependencies = [
 "adler2",
 "simd-adler32",
]

[[package]]
name = "munge"
version = "0.4.7"
source = "registry+https://github.com/rust-lang/crates.io-index"
checksum = "5e17401f259eba956ca16491461b6e8f72913a0a114e39736ce404410f915a0c"
dependencies = [
 "munge_macro",
]

[[package]]
name = "munge_macro"
version = "0.4.7"
source = "registry+https://github.com/rust-lang/crates.io-index"
checksum = "4568f25ccbd45ab5d5603dc34318c1ec56b117531781260002151b8530a9f931"
dependencies = [
 "proc-macro2",
 "quote",
 "syn",
]

[[package]]
name = "num-traits"
version = "0.2.19"
source = "registry+https://github.com/rust-lang/crates.io-index"
checksum = "071dfc062690e90b734c0b2273ce72ad0ffa95f0c74596bc250dcfd960262841"
dependencies = [
 "autocfg",
 "libm",
]

[[package]]
name = "once_cell"
version = "1.21.3"
source = "registry+https://github.com/rust-lang/crates.io-index"
checksum = "42f5e15c9953c5e4ccceeb2e7382a716482c34515315f7b03532b8b4e8393d2d"

[[package]]
name = "proc-macro2"
version = "1.0.106"
source = "registry+https://github.com/rust-lang/crates.io-index"
checksum = "8fd00f0bb2e90d81d1044c2b32617f68fcb9fa3bb7640c23e9c748e53fb30934"
dependencies = [
 "unicode-ident",
]

[[package]]
name = "prost"
version = "0.14.3"
source = "registry+https://github.com/rust-lang/crates.io-index"
checksum = "d2ea70524a2f82d518bce41317d0fae74151505651af45faf1ffbd6fd33f0568"
dependencies = [
 "bytes",
 "prost-derive",
]

[[package]]
name = "prost-derive"
version = "0.14.3"
source = "registry+https://github.com/rust-lang/crates.io-index"
checksum = "27c6023962132f4b30eb4c172c91ce92d933da334c59c23cddee82358ddafb0b"
dependencies = [
 "anyhow",
 "itertools",
 "proc-macro2",
 "quote",
 "syn",
]

[[package]]
name = "ptr_meta"
version = "0.3.1"
source = "registry+https://github.com/rust-lang/crates.io-index"
checksum = "0b9a0cf95a1196af61d4f1cbdab967179516d9a4a4312af1f31948f8f6224a79"
dependencies = [
 "ptr_meta_derive",
]

[[package]]
name = "ptr_meta_derive"
version = "0.3.1"
source = "registry+https://github.com/rust-lang/crates.io-index"
checksum = "7347867d0a7e1208d93b46767be83e2b8f978c3dad35f775ac8d8847551d6fe1"
dependencies = [
 "proc-macro2",
 "quote",
 "syn",
]

[[package]]
name = "quote"
version = "1.0.45"
source = "registry+https://github.com/rust-lang/crates.io-index"
checksum = "41f2619966050689382d2b44f664f4bc593e129785a36d6ee376ddf37259b924"
dependencies = [
 "proc-macro2",
]

[[package]]
name = "rancor"
version = "0.1.1"
source = "registry+https://github.com/rust-lang/crates.io-index"
checksum = "a063ea72381527c2a0561da9c80000ef822bdd7c3241b1cc1b12100e3df081ee"
dependencies = [
 "ptr_meta",
]

[[package]]
name = "rend"
version = "0.5.3"
source = "registry+https://github.com/rust-lang/crates.io-index"
checksum = "cadadef317c2f20755a64d7fdc48f9e7178ee6b0e1f7fce33fa60f1d68a276e6"
dependencies = [
 "bytecheck",
]

[[package]]
name = "rkyv"
version = "0.8.15"
source = "registry+https://github.com/rust-lang/crates.io-index"
checksum = "1a30e631b7f4a03dee9056b8ef6982e8ba371dd5bedb74d3ec86df4499132c70"
dependencies = [
 "bytecheck",
 "bytes",
 "hashbrown",
 "indexmap",
 "munge",
 "ptr_meta",
 "rancor",
 "rend",
 "rkyv_derive",
 "tinyvec",
 "uuid",
]

[[package]]
name = "rkyv_derive"
version = "0.8.15"
source = "registry+https://github.com/rust-lang/crates.io-index"
checksum = "8100bb34c0a1d0f907143db3149e6b4eea3c33b9ee8b189720168e818303986f"
dependencies = [
 "proc-macro2",
 "quote",
 "syn",
]

[[package]]
name = "rstar"
version = "0.12.2"
source = "registry+https://github.com/rust-lang/crates.io-index"
checksum = "421400d13ccfd26dfa5858199c30a5d76f9c54e0dba7575273025b43c5175dbb"
dependencies = [
 "heapless",
 "num-traits",
 "serde",
 "smallvec",
]

[[package]]
name = "rustversion"
version = "1.0.22"
source = "registry+https://github.com/rust-lang/crates.io-index"
checksum = "b39cdef0fa800fc44525c84ccb54a029961a8215f9619753635a9c0d2538d46d"

[[package]]
name = "ryu"
version = "1.0.23"
source = "registry+https://github.com/rust-lang/crates.io-index"
checksum = "9774ba4a74de5f7b1c1451ed6cd5285a32eddb5cccb8cc655a4e50009e06477f"

[[package]]
name = "serde"
version = "1.0.228"
source = "registry+https://github.com/rust-lang/crates.io-index"
checksum = "9a8e94ea7f378bd32cbbd37198a4a91436180c5bb472411e48b5ec2e2124ae9e"
dependencies = [
 "serde_core",
 "serde_derive",
]

[[package]]
name = "serde_core"
version = "1.0.228"
source = "registry+https://github.com/rust-lang/crates.io-index"
checksum = "41d385c7d4ca58e59fc732af25c3983b67ac852c1a25000afe1175de458b67ad"
dependencies = [
 "serde_derive",
]

[[package]]
name = "serde_derive"
version = "1.0.228"
source = "registry+https://github.com/rust-lang/crates.io-index"
checksum = "d540f220d3187173da220f885ab66608367b6574e925011a9353e4badda91d79"
dependencies = [
 "proc-macro2",
 "quote",
 "syn",
]

[[package]]
name = "simd-adler32"
version = "0.3.8"
source = "registry+https://github.com/rust-lang/crates.io-index"
checksum = "e320a6c5ad31d271ad523dcf3ad13e2767ad8b1cb8f047f75a8aeaf8da139da2"

[[package]]
name = "simdutf8"
version = "0.1.5"
source = "registry+https://github.com/rust-lang/crates.io-index"
checksum = "e3a9fe34e3e7a50316060351f37187a3f546bce95496156754b601a5fa71b76e"

[[package]]
name = "smallvec"
version = "1.15.1"
source = "registry+https://github.com/rust-lang/crates.io-index"
checksum = "67b1b7a3b5fe4f1376887184045fcf45c69e92af734b7aaddc05fb777b6fbd03"

[[package]]
name = "stable_deref_trait"
version = "1.2.1"
source = "registry+https://github.com/rust-lang/crates.io-index"
checksum = "6ce2be8dc25455e1f91df71bfa12ad37d7af1092ae736f3a6cd0e37bc7810596"

[[package]]
name = "syn"
version = "2.0.117"
source = "registry+https://github.com/rust-lang/crates.io-index"
checksum = "e665b8803e7b1d2a727f4023456bbbbe74da67099c585258af0ad9c5013b9b99"
dependencies = [
 "proc-macro2",
 "quote",
 "unicode-ident",
]

[[package]]
name = "tinyvec"
version = "1.10.0"
source = "registry+https://github.com/rust-lang/crates.io-index"
checksum = "bfa5fdc3bce6191a1dbc8c02d5c8bffcf557bafa17c124c5264a458f1b0613fa"
dependencies = [
 "tinyvec_macros",
]

[[package]]
name = "tinyvec_macros"
version = "0.1.1"
source = "registry+https://github.com/rust-lang/crates.io-index"
checksum = "1f3ccbac311fea05f86f61904b462b55fb3df8837a366dfc601a0161d0532f20"

[[package]]
name = "unicode-ident"
version = "1.0.24"
source = "registry+https://github.com/rust-lang/crates.io-index"
checksum = "e6e4313cd5fcd3dad5cafa179702e2b244f760991f45397d14d4ebf38247da75"

[[package]]
name = "uuid"
version = "1.22.0"
source = "registry+https://github.com/rust-lang/crates.io-index"
checksum = "a68d3c8f01c0cfa54a75291d83601161799e4a89a39e0929f4b0354d88757a37"
dependencies = [
 "js-sys",
 "wasm-bindgen",
]

[[package]]
name = "wasm-bindgen"
version = "0.2.114"
source = "registry+https://github.com/rust-lang/crates.io-index"
checksum = "6532f9a5c1ece3798cb1c2cfdba640b9b3ba884f5db45973a6f442510a87d38e"
dependencies = [
 "cfg-if",
 "once_cell",
 "rustversion",
 "wasm-bindgen-macro",
 "wasm-bindgen-shared",
]

[[package]]
name = "wasm-bindgen-macro"
version = "0.2.114"
source = "registry+https://github.com/rust-lang/crates.io-index"
checksum = "18a2d50fcf105fb33bb15f00e7a77b772945a2ee45dcf454961fd843e74c18e6"
dependencies = [
 "quote",
 "wasm-bindgen-macro-support",
]

[[package]]
name = "wasm-bindgen-macro-support"
version = "0.2.114"
source = "registry+https://github.com/rust-lang/crates.io-index"
checksum = "03ce4caeaac547cdf713d280eda22a730824dd11e6b8c3ca9e42247b25c631e3"
dependencies = [
 "bumpalo",
 "proc-macro2",
 "quote",
 "syn",
 "wasm-bindgen-shared",
]

[[package]]
name = "wasm-bindgen-shared"
version = "0.2.114"
source = "registry+https://github.com/rust-lang/crates.io-index"
checksum = "75a326b8c223ee17883a4251907455a2431acc2791c98c26279376490c378c16"
dependencies = [
 "unicode-ident",
]

[[package]]
name = "yonder_core"
version = "1.0.0"
dependencies = [
 "csv",
 "flate2",
 "prost",
 "rkyv",
 "rstar",
 "serde",
]
